
Microsoft Visual Studio Solution File, Format Version 12.00
# Visual Studio Version 16
VisualStudioVersion = 16.0.31515.178
MinimumVisualStudioVersion = 10.0.40219.1
Project("{9A19103F-16F7-4668-BE54-9A1E7A4F7556}") = "e_freeroam", "e_freeroam.csproj", "{FA37DBE2-D2B3-48F3-A026-9B7E2CF853EB}"
EndProject
Global
	GlobalSection(SolutionConfigurationPlatforms) = preSolution
		Debug|Any CPU = Debug|Any CPU
		Debug|x64 = Debug|x64
		Release|Any CPU = Release|Any CPU
		Release|x64 = Release|x64
	EndGlobalSection
	GlobalSection(ProjectConfigurationPlatforms) = postSolution
		{FA37DBE2-D2B3-48F3-A026-9B7E2CF853EB}.Debug|Any CPU.ActiveCfg = Debug|Any CPU
		{FA37DBE2-D2B3-48F3-A026-9B7E2CF853EB}.Debug|Any CPU.Build.0 = Debug|Any CPU
		{FA37DBE2-D2B3-48F3-A026-9B7E2CF853EB}.Debug|x64.ActiveCfg = Debug|x64
		{FA37DBE2-D2B3-48F3-A026-9B7E2CF853EB}.Debug|x64.Build.0 = Debug|x64
		{FA37DBE2-D2B3-48F3-A026-9B7E2CF853EB}.Release|Any CPU.ActiveCfg = Release|Any CPU
		{FA37DBE2-D2B3-48F3-A026-9B7E2CF853EB}.Release|Any CPU.Build.0 = Release|Any CPU
		{FA37DBE2-D2B3-48F3-A026-9B7E2CF853EB}.Release|x64.ActiveCfg = Release|x64
		{FA37DBE2-D2B3-48F3-A026-9B7E2CF853EB}.Release|x64.Build.0 = Release|x64
	EndGlobalSection
	GlobalSection(SolutionProperties) = preSolution
		HideSolutionNode = FALSE
	EndGlobalSection
	GlobalSection(ExtensibilityGlobals) = postSolution
		SolutionGuid = {5DD3EDA6-A536-4F8C-A4D4-7BBD245FF874}
	EndGlobalSection
EndGlobal
